{
  "object": {
    "pins": [
      {
        "package": "argon2",
        "repositoryURL": "https://github.com/P-H-C/phc-winner-argon2.git",
        "state": {
          "branch": "master",
          "revision": "f57e61e19229e23c4445b85494dbf7c07de721cb",
          "version": null
        }
      },
      {
        "package": "swift-crypto",
        "repositoryURL": "https://github.com/apple/swift-crypto.git",
        "state": {
          "branch": null,
          "revision": "60f13f60c4d093691934dc6cfdf5f508ada1f894",
          "version": "2.6.0"
        }
      }
    ]
  },
  "version": 1
}
